
Microsoft Visual Studio Solution File, Format Version 12.00
Project("{FAE04EC0-301F-11D3-BF4B-00C04F79EFBC}") = "RaiffeisenClone.Domain", "RaiffeisenClone.Domain\RaiffeisenClone.Domain.csproj", "{4601FC05-A739-46F4-A209-3B34226D3ACE}"
EndProject
Project("{FAE04EC0-301F-11D3-BF4B-00C04F79EFBC}") = "RaiffeisenClone.Persistence", "RaiffeisenClone.Persistence\RaiffeisenClone.Persistence.csproj", "{3065843D-A025-4C1E-A770-FFAAF74D6FC8}"
EndProject
Project("{FAE04EC0-301F-11D3-BF4B-00C04F79EFBC}") = "RaiffeisenClone.WebApi", "RaiffeisenClone.WebApi\RaiffeisenClone.WebApi.csproj", "{3D062A27-38AF-4D13-AD74-EDDCCB8013A4}"
EndProject
Project("{FAE04EC0-301F-11D3-BF4B-00C04F79EFBC}") = "RaiffeisenClone.Application", "RaiffeisenClone.Application\RaiffeisenClone.Application.csproj", "{AE898460-860D-4727-96DB-A1F528C0429F}"
EndProject
Project("{FAE04EC0-301F-11D3-BF4B-00C04F79EFBC}") = "RaiffeisenClone.Tests", "RaiffeisenClone.Tests\RaiffeisenClone.Tests.csproj", "{FEBB7BAF-27CA-4F5A-AB2D-A29F8AA6D747}"
EndProject
Project("{2150E333-8FDC-42A3-9474-1A3956D46DE8}") = "EmailWorker", "EmailWorker", "{93BB09BE-F011-42D4-AA62-D313CA7406C9}"
EndProject
Project("{FAE04EC0-301F-11D3-BF4B-00C04F79EFBC}") = "EmailWorker", "EmailWorker\EmailWorker.csproj", "{78BA3C78-1B01-44EA-874E-31B08FD023D7}"
EndProject
Global
	GlobalSection(SolutionConfigurationPlatforms) = preSolution
		Debug|Any CPU = Debug|Any CPU
		Release|Any CPU = Release|Any CPU
	EndGlobalSection
	GlobalSection(ProjectConfigurationPlatforms) = postSolution
		{4601FC05-A739-46F4-A209-3B34226D3ACE}.Debug|Any CPU.ActiveCfg = Debug|Any CPU
		{4601FC05-A739-46F4-A209-3B34226D3ACE}.Debug|Any CPU.Build.0 = Debug|Any CPU
		{4601FC05-A739-46F4-A209-3B34226D3ACE}.Release|Any CPU.ActiveCfg = Release|Any CPU
		{4601FC05-A739-46F4-A209-3B34226D3ACE}.Release|Any CPU.Build.0 = Release|Any CPU
		{3065843D-A025-4C1E-A770-FFAAF74D6FC8}.Debug|Any CPU.ActiveCfg = Debug|Any CPU
		{3065843D-A025-4C1E-A770-FFAAF74D6FC8}.Debug|Any CPU.Build.0 = Debug|Any CPU
		{3065843D-A025-4C1E-A770-FFAAF74D6FC8}.Release|Any CPU.ActiveCfg = Release|Any CPU
		{3065843D-A025-4C1E-A770-FFAAF74D6FC8}.Release|Any CPU.Build.0 = Release|Any CPU
		{3D062A27-38AF-4D13-AD74-EDDCCB8013A4}.Debug|Any CPU.ActiveCfg = Debug|Any CPU
		{3D062A27-38AF-4D13-AD74-EDDCCB8013A4}.Debug|Any CPU.Build.0 = Debug|Any CPU
		{3D062A27-38AF-4D13-AD74-EDDCCB8013A4}.Release|Any CPU.ActiveCfg = Release|Any CPU
		{3D062A27-38AF-4D13-AD74-EDDCCB8013A4}.Release|Any CPU.Build.0 = Release|Any CPU
		{AE898460-860D-4727-96DB-A1F528C0429F}.Debug|Any CPU.ActiveCfg = Debug|Any CPU
		{AE898460-860D-4727-96DB-A1F528C0429F}.Debug|Any CPU.Build.0 = Debug|Any CPU
		{AE898460-860D-4727-96DB-A1F528C0429F}.Release|Any CPU.ActiveCfg = Release|Any CPU
		{AE898460-860D-4727-96DB-A1F528C0429F}.Release|Any CPU.Build.0 = Release|Any CPU
		{FEBB7BAF-27CA-4F5A-AB2D-A29F8AA6D747}.Debug|Any CPU.ActiveCfg = Debug|Any CPU
		{FEBB7BAF-27CA-4F5A-AB2D-A29F8AA6D747}.Debug|Any CPU.Build.0 = Debug|Any CPU
		{FEBB7BAF-27CA-4F5A-AB2D-A29F8AA6D747}.Release|Any CPU.ActiveCfg = Release|Any CPU
		{FEBB7BAF-27CA-4F5A-AB2D-A29F8AA6D747}.Release|Any CPU.Build.0 = Release|Any CPU
		{78BA3C78-1B01-44EA-874E-31B08FD023D7}.Debug|Any CPU.ActiveCfg = Debug|Any CPU
		{78BA3C78-1B01-44EA-874E-31B08FD023D7}.Debug|Any CPU.Build.0 = Debug|Any CPU
		{78BA3C78-1B01-44EA-874E-31B08FD023D7}.Release|Any CPU.ActiveCfg = Release|Any CPU
		{78BA3C78-1B01-44EA-874E-31B08FD023D7}.Release|Any CPU.Build.0 = Release|Any CPU
	EndGlobalSection
	GlobalSection(NestedProjects) = preSolution
		{78BA3C78-1B01-44EA-874E-31B08FD023D7} = {93BB09BE-F011-42D4-AA62-D313CA7406C9}
	EndGlobalSection
EndGlobal
